
Microsoft Visual Studio Solution File, Format Version 12.00
# Visual Studio Version 16
VisualStudioVersion = 16.0.33130.400
MinimumVisualStudioVersion = 10.0.40219.1
Project("{FAE04EC0-301F-11D3-BF4B-00C04F79EFBC}") = "AkademiPlus_Transportation", "AkademiPlus_Transportation\AkademiPlus_Transportation.csproj", "{39154401-7146-44A0-A5A9-665808E59868}"
EndProject
Global
	GlobalSection(SolutionConfigurationPlatforms) = preSolution
		Debug|Any CPU = Debug|Any CPU
		Release|Any CPU = Release|Any CPU
	EndGlobalSection
	GlobalSection(ProjectConfigurationPlatforms) = postSolution
		{39154401-7146-44A0-A5A9-665808E59868}.Debug|Any CPU.ActiveCfg = Debug|Any CPU
		{39154401-7146-44A0-A5A9-665808E59868}.Debug|Any CPU.Build.0 = Debug|Any CPU
		{39154401-7146-44A0-A5A9-665808E59868}.Release|Any CPU.ActiveCfg = Release|Any CPU
		{39154401-7146-44A0-A5A9-665808E59868}.Release|Any CPU.Build.0 = Release|Any CPU
	EndGlobalSection
	GlobalSection(SolutionProperties) = preSolution
		HideSolutionNode = FALSE
	EndGlobalSection
	GlobalSection(ExtensibilityGlobals) = postSolution
		SolutionGuid = {BEE2B21E-1B4C-417F-AC39-1B9AA7609E19}
	EndGlobalSection
EndGlobal
